
Microsoft Visual Studio Solution File, Format Version 12.00
# Visual Studio Version 17
VisualStudioVersion = 17.2.32526.322
MinimumVisualStudioVersion = 10.0.40219.1
Project("{9A19103F-16F7-4668-BE54-9A1E7A4F7556}") = "Application", "Application\Application.csproj", "{EB8D161E-7A4B-43CD-AD0E-EC5C63E97E99}"
EndProject
Project("{9A19103F-16F7-4668-BE54-9A1E7A4F7556}") = "ConsoleApp", "ConsoleApp\ConsoleApp.csproj", "{4A20482F-7D39-4900-AE1B-622B3B0474B8}"
EndProject
Project("{FAE04EC0-301F-11D3-BF4B-00C04F79EFBC}") = "Infrastructure", "Infrastructure\Infrastructure.csproj", "{31E5ED0D-2B9F-4AE3-A429-3261148E0FD0}"
EndProject
Global
	GlobalSection(SolutionConfigurationPlatforms) = preSolution
		Debug|Any CPU = Debug|Any CPU
		Release|Any CPU = Release|Any CPU
	EndGlobalSection
	GlobalSection(ProjectConfigurationPlatforms) = postSolution
		{EB8D161E-7A4B-43CD-AD0E-EC5C63E97E99}.Debug|Any CPU.ActiveCfg = Debug|Any CPU
		{EB8D161E-7A4B-43CD-AD0E-EC5C63E97E99}.Debug|Any CPU.Build.0 = Debug|Any CPU
		{EB8D161E-7A4B-43CD-AD0E-EC5C63E97E99}.Release|Any CPU.ActiveCfg = Release|Any CPU
		{EB8D161E-7A4B-43CD-AD0E-EC5C63E97E99}.Release|Any CPU.Build.0 = Release|Any CPU
		{4A20482F-7D39-4900-AE1B-622B3B0474B8}.Debug|Any CPU.ActiveCfg = Debug|Any CPU
		{4A20482F-7D39-4900-AE1B-622B3B0474B8}.Debug|Any CPU.Build.0 = Debug|Any CPU
		{4A20482F-7D39-4900-AE1B-622B3B0474B8}.Release|Any CPU.ActiveCfg = Release|Any CPU
		{4A20482F-7D39-4900-AE1B-622B3B0474B8}.Release|Any CPU.Build.0 = Release|Any CPU
		{31E5ED0D-2B9F-4AE3-A429-3261148E0FD0}.Debug|Any CPU.ActiveCfg = Debug|Any CPU
		{31E5ED0D-2B9F-4AE3-A429-3261148E0FD0}.Debug|Any CPU.Build.0 = Debug|Any CPU
		{31E5ED0D-2B9F-4AE3-A429-3261148E0FD0}.Release|Any CPU.ActiveCfg = Release|Any CPU
		{31E5ED0D-2B9F-4AE3-A429-3261148E0FD0}.Release|Any CPU.Build.0 = Release|Any CPU
	EndGlobalSection
	GlobalSection(SolutionProperties) = preSolution
		HideSolutionNode = FALSE
	EndGlobalSection
	GlobalSection(ExtensibilityGlobals) = postSolution
		SolutionGuid = {3918E644-EEBE-4462-9F6C-F7F0353B5A89}
	EndGlobalSection
EndGlobal
